
Microsoft Visual Studio Solution File, Format Version 12.00
# Visual Studio Version 17
VisualStudioVersion = 17.9.34728.123
MinimumVisualStudioVersion = 10.0.40219.1
Project("{9A19103F-16F7-4668-BE54-9A1E7A4F7556}") = "GeometricShapesLib", "GeometricShapesLib\GeometricShapesLib.csproj", "{8C07BAE2-3CCB-463E-82B3-7D35156F6A3C}"
EndProject
Project("{FAE04EC0-301F-11D3-BF4B-00C04F79EFBC}") = "GeometricShapesTest", "GeometricShapesTest\GeometricShapesTest.csproj", "{3015E1CF-DFFF-45E5-8106-859C25508311}"
EndProject
Global
	GlobalSection(SolutionConfigurationPlatforms) = preSolution
		Debug|Any CPU = Debug|Any CPU
		Release|Any CPU = Release|Any CPU
	EndGlobalSection
	GlobalSection(ProjectConfigurationPlatforms) = postSolution
		{8C07BAE2-3CCB-463E-82B3-7D35156F6A3C}.Debug|Any CPU.ActiveCfg = Debug|Any CPU
		{8C07BAE2-3CCB-463E-82B3-7D35156F6A3C}.Debug|Any CPU.Build.0 = Debug|Any CPU
		{8C07BAE2-3CCB-463E-82B3-7D35156F6A3C}.Release|Any CPU.ActiveCfg = Release|Any CPU
		{8C07BAE2-3CCB-463E-82B3-7D35156F6A3C}.Release|Any CPU.Build.0 = Release|Any CPU
		{3015E1CF-DFFF-45E5-8106-859C25508311}.Debug|Any CPU.ActiveCfg = Debug|Any CPU
		{3015E1CF-DFFF-45E5-8106-859C25508311}.Debug|Any CPU.Build.0 = Debug|Any CPU
		{3015E1CF-DFFF-45E5-8106-859C25508311}.Release|Any CPU.ActiveCfg = Release|Any CPU
		{3015E1CF-DFFF-45E5-8106-859C25508311}.Release|Any CPU.Build.0 = Release|Any CPU
	EndGlobalSection
	GlobalSection(SolutionProperties) = preSolution
		HideSolutionNode = FALSE
	EndGlobalSection
	GlobalSection(ExtensibilityGlobals) = postSolution
		SolutionGuid = {909CC4D8-3379-4E49-86B9-272048CC2CF4}
	EndGlobalSection
EndGlobal
